// !$*UTF8*$!
{
	archiveVersion = 1;
	classes = {
	};
	objectVersion = 50;
	objects = {

/* Begin PBXBuildFile section */
		D3B1D0B922EAC60E007A8D34 /* AppDelegate.swift in Sources */ = {isa = PBXBuildFile; fileRef = D3B1D0B822EAC60E007A8D34 /* AppDelegate.swift */; };
		D3B1D0BB22EAC60E007A8D34 /* ViewController.swift in Sources */ = {isa = PBXBuildFile; fileRef = D3B1D0BA22EAC60E007A8D34 /* ViewController.swift */; };
		D3B1D0C022EAC610007A8D34 /* Assets.xcassets in Resources */ = {isa = PBXBuildFile; fileRef = D3B1D0BF22EAC610007A8D34 /* Assets.xcassets */; };
		D3B1D0CD22EACC78007A8D34 /* ProductCell.swift in Sources */ = {isa = PBXBuildFile; fileRef = D3B1D0CA22EACC78007A8D34 /* ProductCell.swift */; };
		D3B1D0CE22EACC78007A8D34 /* Product.swift in Sources */ = {isa = PBXBuildFile; fileRef = D3B1D0CB22EACC78007A8D34 /* Product.swift */; };
		D3B1D0CF22EACC78007A8D34 /* Extension.swift in Sources */ = {isa = PBXBuildFile; fileRef = D3B1D0CC22EACC78007A8D34 /* Extension.swift */; };
		D3B1D0EF22EAD1A3007A8D34 /* NewtorkManager.swift in Sources */ = {isa = PBXBuildFile; fileRef = D3B1D0EE22EAD1A3007A8D34 /* NewtorkManager.swift */; };
		D3B1D0F122EAD1C8007A8D34 /* SampleViewModel.swift in Sources */ = {isa = PBXBuildFile; fileRef = D3B1D0F022EAD1C8007A8D34 /* SampleViewModel.swift */; };
		D3B1D0F722EB081C007A8D34 /* ReachabilityTest.swift in Sources */ = {isa = PBXBuildFile; fileRef = D3B1D0F622EB081C007A8D34 /* ReachabilityTest.swift */; };
		D3B26BC022F012D500915151 /* Constant.swift in Sources */ = {isa = PBXBuildFile; fileRef = D3B26BBF22F012D500915151 /* Constant.swift */; };
		D3B26BC822F014BF00915151 /* SampleExampleTests.swift in Sources */ = {isa = PBXBuildFile; fileRef = D3B26BC722F014BF00915151 /* SampleExampleTests.swift */; };
		D3B26BD322F08CDD00915151 /* ViewControllerTests.swift in Sources */ = {isa = PBXBuildFile; fileRef = D3B26BD222F08CDD00915151 /* ViewControllerTests.swift */; };
/* End PBXBuildFile section */

/* Begin PBXContainerItemProxy section */
		D3B26BCA22F014BF00915151 /* PBXContainerItemProxy */ = {
			isa = PBXContainerItemProxy;
			containerPortal = D3B1D0AD22EAC60E007A8D34 /* Project object */;
			proxyType = 1;
			remoteGlobalIDString = D3B1D0B422EAC60E007A8D34;
			remoteInfo = SampleExample;
		};
/* End PBXContainerItemProxy section */

/* Begin PBXFileReference section */
		D3B1D0B522EAC60E007A8D34 /* TelstraSample.app */ = {isa = PBXFileReference; explicitFileType = wrapper.application; includeInIndex = 0; path = TelstraSample.app; sourceTree = BUILT_PRODUCTS_DIR; };
		D3B1D0B822EAC60E007A8D34 /* AppDelegate.swift */ = {isa = PBXFileReference; lastKnownFileType = sourcecode.swift; path = AppDelegate.swift; sourceTree = "<group>"; };
		D3B1D0BA22EAC60E007A8D34 /* ViewController.swift */ = {isa = PBXFileReference; lastKnownFileType = sourcecode.swift; path = ViewController.swift; sourceTree = "<group>"; };
		D3B1D0BF22EAC610007A8D34 /* Assets.xcassets */ = {isa = PBXFileReference; lastKnownFileType = folder.assetcatalog; path = Assets.xcassets; sourceTree = "<group>"; };
		D3B1D0C422EAC610007A8D34 /* Info.plist */ = {isa = PBXFileReference; lastKnownFileType = text.plist.xml; path = Info.plist; sourceTree = "<group>"; };
		D3B1D0CA22EACC78007A8D34 /* ProductCell.swift */ = {isa = PBXFileReference; fileEncoding = 4; lastKnownFileType = sourcecode.swift; path = ProductCell.swift; sourceTree = "<group>"; };
		D3B1D0CB22EACC78007A8D34 /* Product.swift */ = {isa = PBXFileReference; fileEncoding = 4; lastKnownFileType = sourcecode.swift; path = Product.swift; sourceTree = "<group>"; };
		D3B1D0CC22EACC78007A8D34 /* Extension.swift */ = {isa = PBXFileReference; fileEncoding = 4; lastKnownFileType = sourcecode.swift; path = Extension.swift; sourceTree = "<group>"; };
		D3B1D0EE22EAD1A3007A8D34 /* NewtorkManager.swift */ = {isa = PBXFileReference; lastKnownFileType = sourcecode.swift; path = NewtorkManager.swift; sourceTree = "<group>"; };
		D3B1D0F022EAD1C8007A8D34 /* SampleViewModel.swift */ = {isa = PBXFileReference; lastKnownFileType = sourcecode.swift; path = SampleViewModel.swift; sourceTree = "<group>"; };
		D3B1D0F622EB081C007A8D34 /* ReachabilityTest.swift */ = {isa = PBXFileReference; lastKnownFileType = sourcecode.swift; path = ReachabilityTest.swift; sourceTree = "<group>"; };
		D3B26BBF22F012D500915151 /* Constant.swift */ = {isa = PBXFileReference; lastKnownFileType = sourcecode.swift; path = Constant.swift; sourceTree = "<group>"; };
		D3B26BC522F014BF00915151 /* TelstraSampleTests.xctest */ = {isa = PBXFileReference; explicitFileType = wrapper.cfbundle; includeInIndex = 0; path = TelstraSampleTests.xctest; sourceTree = BUILT_PRODUCTS_DIR; };
		D3B26BC722F014BF00915151 /* SampleExampleTests.swift */ = {isa = PBXFileReference; lastKnownFileType = sourcecode.swift; path = SampleExampleTests.swift; sourceTree = "<group>"; };
		D3B26BC922F014BF00915151 /* Info.plist */ = {isa = PBXFileReference; lastKnownFileType = text.plist.xml; path = Info.plist; sourceTree = "<group>"; };
		D3B26BD222F08CDD00915151 /* ViewControllerTests.swift */ = {isa = PBXFileReference; lastKnownFileType = sourcecode.swift; path = ViewControllerTests.swift; sourceTree = "<group>"; };
/* End PBXFileReference section */

/* Begin PBXFrameworksBuildPhase section */
		D3B1D0B222EAC60E007A8D34 /* Frameworks */ = {
			isa = PBXFrameworksBuildPhase;
			buildActionMask = 2147483647;
			files = (
			);
			runOnlyForDeploymentPostprocessing = 0;
		};
		D3B26BC222F014BF00915151 /* Frameworks */ = {
			isa = PBXFrameworksBuildPhase;
			buildActionMask = 2147483647;
			files = (
			);
			runOnlyForDeploymentPostprocessing = 0;
		};
/* End PBXFrameworksBuildPhase section */

/* Begin PBXGroup section */
		D3B1D0AC22EAC60E007A8D34 = {
			isa = PBXGroup;
			children = (
				D3B1D0B722EAC60E007A8D34 /* SampleExample */,
				D3B26BC622F014BF00915151 /* SampleExampleTests */,
				D3B1D0B622EAC60E007A8D34 /* Products */,
			);
			sourceTree = "<group>";
		};
		D3B1D0B622EAC60E007A8D34 /* Products */ = {
			isa = PBXGroup;
			children = (
				D3B1D0B522EAC60E007A8D34 /* TelstraSample.app */,
				D3B26BC522F014BF00915151 /* TelstraSampleTests.xctest */,
			);
			name = Products;
			sourceTree = "<group>";
		};
		D3B1D0B722EAC60E007A8D34 /* SampleExample */ = {
			isa = PBXGroup;
			children = (
				D3B1D0B822EAC60E007A8D34 /* AppDelegate.swift */,
				D3B1D0F222EAE0D8007A8D34 /* Model */,
				D3B1D0F422EAE0ED007A8D34 /* View */,
				D3B1D0F322EAE0E5007A8D34 /* ViewModel */,
				D3B1D0F522EAE118007A8D34 /* Utilities */,
				D3B1D0BF22EAC610007A8D34 /* Assets.xcassets */,
				D3B1D0C422EAC610007A8D34 /* Info.plist */,
			);
			path = SampleExample;
			sourceTree = "<group>";
		};
		D3B1D0F222EAE0D8007A8D34 /* Model */ = {
			isa = PBXGroup;
			children = (
				D3B1D0CB22EACC78007A8D34 /* Product.swift */,
			);
			path = Model;
			sourceTree = "<group>";
		};
		D3B1D0F322EAE0E5007A8D34 /* ViewModel */ = {
			isa = PBXGroup;
			children = (
				D3B1D0F022EAD1C8007A8D34 /* SampleViewModel.swift */,
			);
			path = ViewModel;
			sourceTree = "<group>";
		};
		D3B1D0F422EAE0ED007A8D34 /* View */ = {
			isa = PBXGroup;
			children = (
				D3B1D0CA22EACC78007A8D34 /* ProductCell.swift */,
				D3B1D0BA22EAC60E007A8D34 /* ViewController.swift */,
			);
			name = View;
			sourceTree = "<group>";
		};
		D3B1D0F522EAE118007A8D34 /* Utilities */ = {
			isa = PBXGroup;
			children = (
				D3B1D0F622EB081C007A8D34 /* ReachabilityTest.swift */,
				D3B1D0EE22EAD1A3007A8D34 /* NewtorkManager.swift */,
				D3B1D0CC22EACC78007A8D34 /* Extension.swift */,
				D3B26BBF22F012D500915151 /* Constant.swift */,
			);
			path = Utilities;
			sourceTree = "<group>";
		};
		D3B26BC622F014BF00915151 /* SampleExampleTests */ = {
			isa = PBXGroup;
			children = (
				D3B26BC722F014BF00915151 /* SampleExampleTests.swift */,
				D3B26BC922F014BF00915151 /* Info.plist */,
				D3B26BD222F08CDD00915151 /* ViewControllerTests.swift */,
			);
			path = SampleExampleTests;
			sourceTree = "<group>";
		};
/* End PBXGroup section */

/* Begin PBXNativeTarget section */
		D3B1D0B422EAC60E007A8D34 /* TelstraSample */ = {
			isa = PBXNativeTarget;
			buildConfigurationList = D3B1D0C722EAC610007A8D34 /* Build configuration list for PBXNativeTarget "TelstraSample" */;
			buildPhases = (
				D3B1D0B122EAC60E007A8D34 /* Sources */,
				D3B1D0B222EAC60E007A8D34 /* Frameworks */,
				D3B1D0B322EAC60E007A8D34 /* Resources */,
			);
			buildRules = (
			);
			dependencies = (
			);
			name = TelstraSample;
			productName = SampleExample;
			productReference = D3B1D0B522EAC60E007A8D34 /* TelstraSample.app */;
			productType = "com.apple.product-type.application";
		};
		D3B26BC422F014BF00915151 /* TelstraSampleTests */ = {
			isa = PBXNativeTarget;
			buildConfigurationList = D3B26BCC22F014BF00915151 /* Build configuration list for PBXNativeTarget "TelstraSampleTests" */;
			buildPhases = (
				D3B26BC122F014BF00915151 /* Sources */,
				D3B26BC222F014BF00915151 /* Frameworks */,
				D3B26BC322F014BF00915151 /* Resources */,
			);
			buildRules = (
			);
			dependencies = (
				D3B26BCB22F014BF00915151 /* PBXTargetDependency */,
			);
			name = TelstraSampleTests;
			productName = SampleExampleTests;
			productReference = D3B26BC522F014BF00915151 /* TelstraSampleTests.xctest */;
			productType = "com.apple.product-type.bundle.unit-test";
		};
/* End PBXNativeTarget section */

/* Begin PBXProject section */
		D3B1D0AD22EAC60E007A8D34 /* Project object */ = {
			isa = PBXProject;
			attributes = {
				LastSwiftUpdateCheck = 1000;
				LastUpgradeCheck = 1000;
				ORGANIZATIONNAME = Wipro;
				TargetAttributes = {
					D3B1D0B422EAC60E007A8D34 = {
						CreatedOnToolsVersion = 10.0;
					};
					D3B26BC422F014BF00915151 = {
						CreatedOnToolsVersion = 10.0;
						TestTargetID = D3B1D0B422EAC60E007A8D34;
					};
				};
			};
			buildConfigurationList = D3B1D0B022EAC60E007A8D34 /* Build configuration list for PBXProject "TelstraSample" */;
			compatibilityVersion = "Xcode 9.3";
			developmentRegion = en;
			hasScannedForEncodings = 0;
			knownRegions = (
				en,
				Base,
			);
			mainGroup = D3B1D0AC22EAC60E007A8D34;
			productRefGroup = D3B1D0B622EAC60E007A8D34 /* Products */;
			projectDirPath = "";
			projectRoot = "";
			targets = (
				D3B1D0B422EAC60E007A8D34 /* TelstraSample */,
				D3B26BC422F014BF00915151 /* TelstraSampleTests */,
			);
		};
/* End PBXProject section */

/* Begin PBXResourcesBuildPhase section */
		D3B1D0B322EAC60E007A8D34 /* Resources */ = {
			isa = PBXResourcesBuildPhase;
			buildActionMask = 2147483647;
			files = (
				D3B1D0C022EAC610007A8D34 /* Assets.xcassets in Resources */,
			);
			runOnlyForDeploymentPostprocessing = 0;
		};
		D3B26BC322F014BF00915151 /* Resources */ = {
			isa = PBXResourcesBuildPhase;
			buildActionMask = 2147483647;
			files = (
			);
			runOnlyForDeploymentPostprocessing = 0;
		};
/* End PBXResourcesBuildPhase section */

/* Begin PBXSourcesBuildPhase section */
		D3B1D0B122EAC60E007A8D34 /* Sources */ = {
			isa = PBXSourcesBuildPhase;
			buildActionMask = 2147483647;
			files = (
				D3B1D0CF22EACC78007A8D34 /* Extension.swift in Sources */,
				D3B1D0CD22EACC78007A8D34 /* ProductCell.swift in Sources */,
				D3B1D0F722EB081C007A8D34 /* ReachabilityTest.swift in Sources */,
				D3B1D0CE22EACC78007A8D34 /* Product.swift in Sources */,
				D3B1D0F122EAD1C8007A8D34 /* SampleViewModel.swift in Sources */,
				D3B1D0BB22EAC60E007A8D34 /* ViewController.swift in Sources */,
				D3B1D0EF22EAD1A3007A8D34 /* NewtorkManager.swift in Sources */,
				D3B1D0B922EAC60E007A8D34 /* AppDelegate.swift in Sources */,
				D3B26BC022F012D500915151 /* Constant.swift in Sources */,
			);
			runOnlyForDeploymentPostprocessing = 0;
		};
		D3B26BC122F014BF00915151 /* Sources */ = {
			isa = PBXSourcesBuildPhase;
			buildActionMask = 2147483647;
			files = (
				D3B26BD322F08CDD00915151 /* ViewControllerTests.swift in Sources */,
				D3B26BC822F014BF00915151 /* SampleExampleTests.swift in Sources */,
			);
			runOnlyForDeploymentPostprocessing = 0;
		};
/* End PBXSourcesBuildPhase section */

/* Begin PBXTargetDependency section */
		D3B26BCB22F014BF00915151 /* PBXTargetDependency */ = {
			isa = PBXTargetDependency;
			target = D3B1D0B422EAC60E007A8D34 /* TelstraSample */;
			targetProxy = D3B26BCA22F014BF00915151 /* PBXContainerItemProxy */;
		};
/* End PBXTargetDependency section */

/* Begin XCBuildConfiguration section */
		D3B1D0C522EAC610007A8D34 /* Debug */ = {
			isa = XCBuildConfiguration;
			buildSettings = {
				ALWAYS_SEARCH_USER_PATHS = NO;
				CLANG_ANALYZER_NONNULL = YES;
				CLANG_ANALYZER_NUMBER_OBJECT_CONVERSION = YES_AGGRESSIVE;
				CLANG_CXX_LANGUAGE_STANDARD = "gnu++14";
				CLANG_CXX_LIBRARY = "libc++";
				CLANG_ENABLE_MODULES = YES;
				CLANG_ENABLE_OBJC_ARC = YES;
				CLANG_ENABLE_OBJC_WEAK = YES;
				CLANG_WARN_BLOCK_CAPTURE_AUTORELEASING = YES;
				CLANG_WARN_BOOL_CONVERSION = YES;
				CLANG_WARN_COMMA = YES;
				CLANG_WARN_CONSTANT_CONVERSION = YES;
				CLANG_WARN_DEPRECATED_OBJC_IMPLEMENTATIONS = YES;
				CLANG_WARN_DIRECT_OBJC_ISA_USAGE = YES_ERROR;
				CLANG_WARN_DOCUMENTATION_COMMENTS = YES;
				CLANG_WARN_EMPTY_BODY = YES;
				CLANG_WARN_ENUM_CONVERSION = YES;
				CLANG_WARN_INFINITE_RECURSION = YES;
				CLANG_WARN_INT_CONVERSION = YES;
				CLANG_WARN_NON_LITERAL_NULL_CONVERSION = YES;
				CLANG_WARN_OBJC_IMPLICIT_RETAIN_SELF = YES;
				CLANG_WARN_OBJC_LITERAL_CONVERSION = YES;
				CLANG_WARN_OBJC_ROOT_CLASS = YES_ERROR;
				CLANG_WARN_RANGE_LOOP_ANALYSIS = YES;
				CLANG_WARN_STRICT_PROTOTYPES = YES;
				CLANG_WARN_SUSPICIOUS_MOVE = YES;
				CLANG_WARN_UNGUARDED_AVAILABILITY = YES_AGGRESSIVE;
				CLANG_WARN_UNREACHABLE_CODE = YES;
				CLANG_WARN__DUPLICATE_METHOD_MATCH = YES;
				CODE_SIGN_IDENTITY = "iPhone Developer";
				COPY_PHASE_STRIP = NO;
				DEBUG_INFORMATION_FORMAT = dwarf;
				ENABLE_STRICT_OBJC_MSGSEND = YES;
				ENABLE_TESTABILITY = YES;
				GCC_C_LANGUAGE_STANDARD = gnu11;
				GCC_DYNAMIC_NO_PIC = NO;
				GCC_NO_COMMON_BLOCKS = YES;
				GCC_OPTIMIZATION_LEVEL = 0;
				GCC_PREPROCESSOR_DEFINITIONS = (
					"DEBUG=1",
					"$(inherited)",
				);
				GCC_WARN_64_TO_32_BIT_CONVERSION = YES;
				GCC_WARN_ABOUT_RETURN_TYPE = YES_ERROR;
				GCC_WARN_UNDECLARED_SELECTOR = YES;
				GCC_WARN_UNINITIALIZED_AUTOS = YES_AGGRESSIVE;
				GCC_WARN_UNUSED_FUNCTION = YES;
				GCC_WARN_UNUSED_VARIABLE = YES;
				IPHONEOS_DEPLOYMENT_TARGET = 12.0;
				MTL_ENABLE_DEBUG_INFO = INCLUDE_SOURCE;
				MTL_FAST_MATH = YES;
				ONLY_ACTIVE_ARCH = YES;
				SDKROOT = iphoneos;
				SWIFT_ACTIVE_COMPILATION_CONDITIONS = DEBUG;
				SWIFT_OPTIMIZATION_LEVEL = "-Onone";
			};
			name = Debug;
		};
		D3B1D0C622EAC610007A8D34 /* Release */ = {
			isa = XCBuildConfiguration;
			buildSettings = {
				ALWAYS_SEARCH_USER_PATHS = NO;
				CLANG_ANALYZER_NONNULL = YES;
				CLANG_ANALYZER_NUMBER_OBJECT_CONVERSION = YES_AGGRESSIVE;
				CLANG_CXX_LANGUAGE_STANDARD = "gnu++14";
				CLANG_CXX_LIBRARY = "libc++";
				CLANG_ENABLE_MODULES = YES;
				CLANG_ENABLE_OBJC_ARC = YES;
				CLANG_ENABLE_OBJC_WEAK = YES;
				CLANG_WARN_BLOCK_CAPTURE_AUTORELEASING = YES;
				CLANG_WARN_BOOL_CONVERSION = YES;
				CLANG_WARN_COMMA = YES;
				CLANG_WARN_CONSTANT_CONVERSION = YES;
				CLANG_WARN_DEPRECATED_OBJC_IMPLEMENTATIONS = YES;
				CLANG_WARN_DIRECT_OBJC_ISA_USAGE = YES_ERROR;
				CLANG_WARN_DOCUMENTATION_COMMENTS = YES;
				CLANG_WARN_EMPTY_BODY = YES;
				CLANG_WARN_ENUM_CONVERSION = YES;
				CLANG_WARN_INFINITE_RECURSION = YES;
				CLANG_WARN_INT_CONVERSION = YES;
				CLANG_WARN_NON_LITERAL_NULL_CONVERSION = YES;
				CLANG_WARN_OBJC_IMPLICIT_RETAIN_SELF = YES;
				CLANG_WARN_OBJC_LITERAL_CONVERSION = YES;
				CLANG_WARN_OBJC_ROOT_CLASS = YES_ERROR;
				CLANG_WARN_RANGE_LOOP_ANALYSIS = YES;
				CLANG_WARN_STRICT_PROTOTYPES = YES;
				CLANG_WARN_SUSPICIOUS_MOVE = YES;
				CLANG_WARN_UNGUARDED_AVAILABILITY = YES_AGGRESSIVE;
				CLANG_WARN_UNREACHABLE_CODE = YES;
				CLANG_WARN__DUPLICATE_METHOD_MATCH = YES;
				CODE_SIGN_IDENTITY = "iPhone Developer";
				COPY_PHASE_STRIP = NO;
				DEBUG_INFORMATION_FORMAT = "dwarf-with-dsym";
				ENABLE_NS_ASSERTIONS = NO;
				ENABLE_STRICT_OBJC_MSGSEND = YES;
				GCC_C_LANGUAGE_STANDARD = gnu11;
				GCC_NO_COMMON_BLOCKS = YES;
				GCC_WARN_64_TO_32_BIT_CONVERSION = YES;
				GCC_WARN_ABOUT_RETURN_TYPE = YES_ERROR;
				GCC_WARN_UNDECLARED_SELECTOR = YES;
				GCC_WARN_UNINITIALIZED_AUTOS = YES_AGGRESSIVE;
				GCC_WARN_UNUSED_FUNCTION = YES;
				GCC_WARN_UNUSED_VARIABLE = YES;
				IPHONEOS_DEPLOYMENT_TARGET = 12.0;
				MTL_ENABLE_DEBUG_INFO = NO;
				MTL_FAST_MATH = YES;
				SDKROOT = iphoneos;
				SWIFT_COMPILATION_MODE = wholemodule;
				SWIFT_OPTIMIZATION_LEVEL = "-O";
				VALIDATE_PRODUCT = YES;
			};
			name = Release;
		};
		D3B1D0C822EAC610007A8D34 /* Debug */ = {
			isa = XCBuildConfiguration;
			buildSettings = {
				ASSETCATALOG_COMPILER_APPICON_NAME = AppIcon;
				CODE_SIGN_STYLE = Automatic;
				DEVELOPMENT_TEAM = ZEPLG5ZE6G;
				INFOPLIST_FILE = SampleExample/Info.plist;
				LD_RUNPATH_SEARCH_PATHS = (
					"$(inherited)",
					"@executable_path/Frameworks",
				);
				PRODUCT_BUNDLE_IDENTIFIER = wipro.SampleExample;
				PRODUCT_NAME = "$(TARGET_NAME)";
				SWIFT_VERSION = 4.2;
				TARGETED_DEVICE_FAMILY = "1,2";
			};
			name = Debug;
		};
		D3B1D0C922EAC610007A8D34 /* Release */ = {
			isa = XCBuildConfiguration;
			buildSettings = {
				ASSETCATALOG_COMPILER_APPICON_NAME = AppIcon;
				CODE_SIGN_STYLE = Automatic;
				DEVELOPMENT_TEAM = ZEPLG5ZE6G;
				INFOPLIST_FILE = SampleExample/Info.plist;
				LD_RUNPATH_SEARCH_PATHS = (
					"$(inherited)",
					"@executable_path/Frameworks",
				);
				PRODUCT_BUNDLE_IDENTIFIER = wipro.SampleExample;
				PRODUCT_NAME = "$(TARGET_NAME)";
				SWIFT_VERSION = 4.2;
				TARGETED_DEVICE_FAMILY = "1,2";
			};
			name = Release;
		};
		D3B26BCD22F014BF00915151 /* Debug */ = {
			isa = XCBuildConfiguration;
			buildSettings = {
				BUNDLE_LOADER = "$(TEST_HOST)";
				CODE_SIGN_STYLE = Automatic;
				DEVELOPMENT_TEAM = ZEPLG5ZE6G;
				INFOPLIST_FILE = SampleExampleTests/Info.plist;
				LD_RUNPATH_SEARCH_PATHS = (
					"$(inherited)",
					"@executable_path/Frameworks",
					"@loader_path/Frameworks",
				);
				PRODUCT_BUNDLE_IDENTIFIER = wipro.SampleExampleTests;
				PRODUCT_NAME = "$(TARGET_NAME)";
				SWIFT_VERSION = 4.2;
				TARGETED_DEVICE_FAMILY = "1,2";
				TEST_HOST = "$(BUILT_PRODUCTS_DIR)/TelstraSample.app/TelstraSample";
			};
			name = Debug;
		};
		D3B26BCE22F014BF00915151 /* Release */ = {
			isa = XCBuildConfiguration;
			buildSettings = {
				BUNDLE_LOADER = "$(TEST_HOST)";
				CODE_SIGN_STYLE = Automatic;
				DEVELOPMENT_TEAM = ZEPLG5ZE6G;
				INFOPLIST_FILE = SampleExampleTests/Info.plist;
				LD_RUNPATH_SEARCH_PATHS = (
					"$(inherited)",
					"@executable_path/Frameworks",
					"@loader_path/Frameworks",
				);
				PRODUCT_BUNDLE_IDENTIFIER = wipro.SampleExampleTests;
				PRODUCT_NAME = "$(TARGET_NAME)";
				SWIFT_VERSION = 4.2;
				TARGETED_DEVICE_FAMILY = "1,2";
				TEST_HOST = "$(BUILT_PRODUCTS_DIR)/TelstraSample.app/TelstraSample";
			};
			name = Release;
		};
/* End XCBuildConfiguration section */

/* Begin XCConfigurationList section */
		D3B1D0B022EAC60E007A8D34 /* Build configuration list for PBXProject "TelstraSample" */ = {
			isa = XCConfigurationList;
			buildConfigurations = (
				D3B1D0C522EAC610007A8D34 /* Debug */,
				D3B1D0C622EAC610007A8D34 /* Release */,
			);
			defaultConfigurationIsVisible = 0;
			defaultConfigurationName = Release;
		};
		D3B1D0C722EAC610007A8D34 /* Build configuration list for PBXNativeTarget "TelstraSample" */ = {
			isa = XCConfigurationList;
			buildConfigurations = (
				D3B1D0C822EAC610007A8D34 /* Debug */,
				D3B1D0C922EAC610007A8D34 /* Release */,
			);
			defaultConfigurationIsVisible = 0;
			defaultConfigurationName = Release;
		};
		D3B26BCC22F014BF00915151 /* Build configuration list for PBXNativeTarget "TelstraSampleTests" */ = {
			isa = XCConfigurationList;
			buildConfigurations = (
				D3B26BCD22F014BF00915151 /* Debug */,
				D3B26BCE22F014BF00915151 /* Release */,
			);
			defaultConfigurationIsVisible = 0;
			defaultConfigurationName = Release;
		};
/* End XCConfigurationList section */
	};
	rootObject = D3B1D0AD22EAC60E007A8D34 /* Project object */;
}
